
Microsoft Visual Studio Solution File, Format Version 12.00
# Visual Studio Version 16
VisualStudioVersion = 16.0.30804.86
MinimumVisualStudioVersion = 10.0.40219.1
Project("{9A19103F-16F7-4668-BE54-9A1E7A4F7556}") = "DatabaseBenchmark.Domain", "DatabaseBenchmark.Domain\DatabaseBenchmark.Domain.csproj", "{5A0BDB60-99D6-4CC3-B28C-1EAE01465CEC}"
EndProject
Project("{FAE04EC0-301F-11D3-BF4B-00C04F79EFBC}") = "Benchmark.MVC.Web", "Benchmark.MVC.Web\Benchmark.MVC.Web.csproj", "{E0B0D8D4-82CA-481A-BEB9-0E1F494EB68B}"
EndProject
Project("{FAE04EC0-301F-11D3-BF4B-00C04F79EFBC}") = "Benchmark.Web", "Benchmark.Web\Benchmark.Web.csproj", "{0D47C9B2-AA36-4F76-9618-737572771C84}"
EndProject
Global
	GlobalSection(SolutionConfigurationPlatforms) = preSolution
		Debug|Any CPU = Debug|Any CPU
		Release|Any CPU = Release|Any CPU
	EndGlobalSection
	GlobalSection(ProjectConfigurationPlatforms) = postSolution
		{5A0BDB60-99D6-4CC3-B28C-1EAE01465CEC}.Debug|Any CPU.ActiveCfg = Debug|Any CPU
		{5A0BDB60-99D6-4CC3-B28C-1EAE01465CEC}.Debug|Any CPU.Build.0 = Debug|Any CPU
		{5A0BDB60-99D6-4CC3-B28C-1EAE01465CEC}.Release|Any CPU.ActiveCfg = Release|Any CPU
		{5A0BDB60-99D6-4CC3-B28C-1EAE01465CEC}.Release|Any CPU.Build.0 = Release|Any CPU
		{E0B0D8D4-82CA-481A-BEB9-0E1F494EB68B}.Debug|Any CPU.ActiveCfg = Debug|Any CPU
		{E0B0D8D4-82CA-481A-BEB9-0E1F494EB68B}.Debug|Any CPU.Build.0 = Debug|Any CPU
		{E0B0D8D4-82CA-481A-BEB9-0E1F494EB68B}.Release|Any CPU.ActiveCfg = Release|Any CPU
		{E0B0D8D4-82CA-481A-BEB9-0E1F494EB68B}.Release|Any CPU.Build.0 = Release|Any CPU
		{0D47C9B2-AA36-4F76-9618-737572771C84}.Debug|Any CPU.ActiveCfg = Debug|Any CPU
		{0D47C9B2-AA36-4F76-9618-737572771C84}.Debug|Any CPU.Build.0 = Debug|Any CPU
		{0D47C9B2-AA36-4F76-9618-737572771C84}.Release|Any CPU.ActiveCfg = Release|Any CPU
		{0D47C9B2-AA36-4F76-9618-737572771C84}.Release|Any CPU.Build.0 = Release|Any CPU
	EndGlobalSection
	GlobalSection(SolutionProperties) = preSolution
		HideSolutionNode = FALSE
	EndGlobalSection
	GlobalSection(ExtensibilityGlobals) = postSolution
		SolutionGuid = {5137C648-4CC8-462E-960A-F77BBD062C0C}
	EndGlobalSection
EndGlobal
